
Microsoft Visual Studio Solution File, Format Version 12.00
# Visual Studio 15
VisualStudioVersion = 15.0.26228.9
MinimumVisualStudioVersion = 10.0.40219.1
Project("{FAE04EC0-301F-11D3-BF4B-00C04F79EFBC}") = "ZPLUtility", "ZPLUtility.csproj", "{A836CA9D-CF58-4289-85F7-781EFF51E091}"
EndProject
Project("{FAE04EC0-301F-11D3-BF4B-00C04F79EFBC}") = "ZPLUtilityUnitTest", "..\ZPLUtilityUnitTest\ZPLUtilityUnitTest.csproj", "{CE141155-ACCE-4F1E-BD86-49CC65E11302}"
EndProject
Project("{FAE04EC0-301F-11D3-BF4B-00C04F79EFBC}") = "SGHLabel", "..\SGHLabel\SGHLabel.csproj", "{E263F6CE-3E12-473E-BAF4-74B9736E525C}"
EndProject
Global
	GlobalSection(SolutionConfigurationPlatforms) = preSolution
		Debug|Any CPU = Debug|Any CPU
		Release|Any CPU = Release|Any CPU
	EndGlobalSection
	GlobalSection(ProjectConfigurationPlatforms) = postSolution
		{A836CA9D-CF58-4289-85F7-781EFF51E091}.Debug|Any CPU.ActiveCfg = Debug|Any CPU
		{A836CA9D-CF58-4289-85F7-781EFF51E091}.Debug|Any CPU.Build.0 = Debug|Any CPU
		{A836CA9D-CF58-4289-85F7-781EFF51E091}.Release|Any CPU.ActiveCfg = Release|Any CPU
		{A836CA9D-CF58-4289-85F7-781EFF51E091}.Release|Any CPU.Build.0 = Release|Any CPU
		{CE141155-ACCE-4F1E-BD86-49CC65E11302}.Debug|Any CPU.ActiveCfg = Debug|Any CPU
		{CE141155-ACCE-4F1E-BD86-49CC65E11302}.Debug|Any CPU.Build.0 = Debug|Any CPU
		{CE141155-ACCE-4F1E-BD86-49CC65E11302}.Release|Any CPU.ActiveCfg = Release|Any CPU
		{CE141155-ACCE-4F1E-BD86-49CC65E11302}.Release|Any CPU.Build.0 = Release|Any CPU
		{E263F6CE-3E12-473E-BAF4-74B9736E525C}.Debug|Any CPU.ActiveCfg = Debug|Any CPU
		{E263F6CE-3E12-473E-BAF4-74B9736E525C}.Debug|Any CPU.Build.0 = Debug|Any CPU
		{E263F6CE-3E12-473E-BAF4-74B9736E525C}.Release|Any CPU.ActiveCfg = Release|Any CPU
		{E263F6CE-3E12-473E-BAF4-74B9736E525C}.Release|Any CPU.Build.0 = Release|Any CPU
	EndGlobalSection
	GlobalSection(SolutionProperties) = preSolution
		HideSolutionNode = FALSE
	EndGlobalSection
EndGlobal
