
Microsoft Visual Studio Solution File, Format Version 12.00
# Visual Studio Version 16
VisualStudioVersion = 16.0.31229.75
MinimumVisualStudioVersion = 10.0.40219.1
Project("{9A19103F-16F7-4668-BE54-9A1E7A4F7556}") = "BinaryKits.Zpl.Label", "BinaryKits.Zpl.Label\BinaryKits.Zpl.Label.csproj", "{A836CA9D-CF58-4289-85F7-781EFF51E091}"
EndProject
Project("{9A19103F-16F7-4668-BE54-9A1E7A4F7556}") = "BinaryKits.Zpl.Label.UnitTest", "BinaryKits.Zpl.Label.UnitTest\BinaryKits.Zpl.Label.UnitTest.csproj", "{B385D358-B68A-4089-8FD9-6084D766FF8C}"
EndProject
Project("{9A19103F-16F7-4668-BE54-9A1E7A4F7556}") = "BinaryKits.Zpl.TestConsole", "BinaryKits.Zpl.TestConsole\BinaryKits.Zpl.TestConsole.csproj", "{BCE2C0DF-6D8B-48D3-883B-DDF018C9A9CC}"
EndProject
Project("{9A19103F-16F7-4668-BE54-9A1E7A4F7556}") = "BinaryKits.Zpl.Viewer", "BinaryKits.Zpl.Viewer\BinaryKits.Zpl.Viewer.csproj", "{8439FB36-3CC9-45CF-8CB8-A1E2B41AD952}"
EndProject
Project("{9A19103F-16F7-4668-BE54-9A1E7A4F7556}") = "BinaryKits.Zpl.Labelary", "BinaryKits.Zpl.Labelary\BinaryKits.Zpl.Labelary.csproj", "{B6663C8C-BC7F-4105-8565-58187C79B0FD}"
EndProject
Project("{9A19103F-16F7-4668-BE54-9A1E7A4F7556}") = "BinaryKits.Zpl.Viewer.WebApi", "BinaryKits.Zpl.Viewer.WebApi\BinaryKits.Zpl.Viewer.WebApi.csproj", "{0F5DFD93-782C-4FC6-AC8B-FB342E150131}"
EndProject
Project("{9A19103F-16F7-4668-BE54-9A1E7A4F7556}") = "BinaryKits.Zpl.Protocol", "BinaryKits.Zpl.Protocol\BinaryKits.Zpl.Protocol.csproj", "{437A6F21-475F-4A08-BC40-D253C3AB2510}"
EndProject
Project("{9A19103F-16F7-4668-BE54-9A1E7A4F7556}") = "BinaryKits.Zpl.Protocol.UnitTest", "BinaryKits.Zpl.Protocol.UnitTest\BinaryKits.Zpl.Protocol.UnitTest.csproj", "{B267DA9B-082B-4CFA-8D51-FADFD3DC8E3A}"
EndProject
Project("{FAE04EC0-301F-11D3-BF4B-00C04F79EFBC}") = "BinaryKits.Zpl.Viewer.UnitTest", "BinaryKits.Zpl.Viewer.UnitTest\BinaryKits.Zpl.Viewer.UnitTest.csproj", "{7CB316BF-9876-424B-9E55-14EA00E2D2CE}"
EndProject
Global
	GlobalSection(SolutionConfigurationPlatforms) = preSolution
		Debug|Any CPU = Debug|Any CPU
		Release|Any CPU = Release|Any CPU
	EndGlobalSection
	GlobalSection(ProjectConfigurationPlatforms) = postSolution
		{A836CA9D-CF58-4289-85F7-781EFF51E091}.Debug|Any CPU.ActiveCfg = Debug|Any CPU
		{A836CA9D-CF58-4289-85F7-781EFF51E091}.Debug|Any CPU.Build.0 = Debug|Any CPU
		{A836CA9D-CF58-4289-85F7-781EFF51E091}.Release|Any CPU.ActiveCfg = Release|Any CPU
		{A836CA9D-CF58-4289-85F7-781EFF51E091}.Release|Any CPU.Build.0 = Release|Any CPU
		{B385D358-B68A-4089-8FD9-6084D766FF8C}.Debug|Any CPU.ActiveCfg = Debug|Any CPU
		{B385D358-B68A-4089-8FD9-6084D766FF8C}.Debug|Any CPU.Build.0 = Debug|Any CPU
		{B385D358-B68A-4089-8FD9-6084D766FF8C}.Release|Any CPU.ActiveCfg = Release|Any CPU
		{B385D358-B68A-4089-8FD9-6084D766FF8C}.Release|Any CPU.Build.0 = Release|Any CPU
		{BCE2C0DF-6D8B-48D3-883B-DDF018C9A9CC}.Debug|Any CPU.ActiveCfg = Debug|Any CPU
		{BCE2C0DF-6D8B-48D3-883B-DDF018C9A9CC}.Debug|Any CPU.Build.0 = Debug|Any CPU
		{BCE2C0DF-6D8B-48D3-883B-DDF018C9A9CC}.Release|Any CPU.ActiveCfg = Release|Any CPU
		{BCE2C0DF-6D8B-48D3-883B-DDF018C9A9CC}.Release|Any CPU.Build.0 = Release|Any CPU
		{8439FB36-3CC9-45CF-8CB8-A1E2B41AD952}.Debug|Any CPU.ActiveCfg = Debug|Any CPU
		{8439FB36-3CC9-45CF-8CB8-A1E2B41AD952}.Debug|Any CPU.Build.0 = Debug|Any CPU
		{8439FB36-3CC9-45CF-8CB8-A1E2B41AD952}.Release|Any CPU.ActiveCfg = Release|Any CPU
		{8439FB36-3CC9-45CF-8CB8-A1E2B41AD952}.Release|Any CPU.Build.0 = Release|Any CPU
		{B6663C8C-BC7F-4105-8565-58187C79B0FD}.Debug|Any CPU.ActiveCfg = Debug|Any CPU
		{B6663C8C-BC7F-4105-8565-58187C79B0FD}.Debug|Any CPU.Build.0 = Debug|Any CPU
		{B6663C8C-BC7F-4105-8565-58187C79B0FD}.Release|Any CPU.ActiveCfg = Release|Any CPU
		{B6663C8C-BC7F-4105-8565-58187C79B0FD}.Release|Any CPU.Build.0 = Release|Any CPU
		{0F5DFD93-782C-4FC6-AC8B-FB342E150131}.Debug|Any CPU.ActiveCfg = Debug|Any CPU
		{0F5DFD93-782C-4FC6-AC8B-FB342E150131}.Debug|Any CPU.Build.0 = Debug|Any CPU
		{0F5DFD93-782C-4FC6-AC8B-FB342E150131}.Release|Any CPU.ActiveCfg = Release|Any CPU
		{0F5DFD93-782C-4FC6-AC8B-FB342E150131}.Release|Any CPU.Build.0 = Release|Any CPU
		{437A6F21-475F-4A08-BC40-D253C3AB2510}.Debug|Any CPU.ActiveCfg = Debug|Any CPU
		{437A6F21-475F-4A08-BC40-D253C3AB2510}.Debug|Any CPU.Build.0 = Debug|Any CPU
		{437A6F21-475F-4A08-BC40-D253C3AB2510}.Release|Any CPU.ActiveCfg = Release|Any CPU
		{437A6F21-475F-4A08-BC40-D253C3AB2510}.Release|Any CPU.Build.0 = Release|Any CPU
		{B267DA9B-082B-4CFA-8D51-FADFD3DC8E3A}.Debug|Any CPU.ActiveCfg = Debug|Any CPU
		{B267DA9B-082B-4CFA-8D51-FADFD3DC8E3A}.Debug|Any CPU.Build.0 = Debug|Any CPU
		{B267DA9B-082B-4CFA-8D51-FADFD3DC8E3A}.Release|Any CPU.ActiveCfg = Release|Any CPU
		{B267DA9B-082B-4CFA-8D51-FADFD3DC8E3A}.Release|Any CPU.Build.0 = Release|Any CPU
		{7CB316BF-9876-424B-9E55-14EA00E2D2CE}.Debug|Any CPU.ActiveCfg = Debug|Any CPU
		{7CB316BF-9876-424B-9E55-14EA00E2D2CE}.Debug|Any CPU.Build.0 = Debug|Any CPU
		{7CB316BF-9876-424B-9E55-14EA00E2D2CE}.Release|Any CPU.ActiveCfg = Release|Any CPU
		{7CB316BF-9876-424B-9E55-14EA00E2D2CE}.Release|Any CPU.Build.0 = Release|Any CPU
	EndGlobalSection
	GlobalSection(SolutionProperties) = preSolution
		HideSolutionNode = FALSE
	EndGlobalSection
	GlobalSection(ExtensibilityGlobals) = postSolution
		SolutionGuid = {DE547187-CDDD-42FF-8E23-06EF2FC8F378}
	EndGlobalSection
EndGlobal
