
Microsoft Visual Studio Solution File, Format Version 12.00
# Visual Studio Version 16
VisualStudioVersion = 16.0.31229.75
MinimumVisualStudioVersion = 10.0.40219.1
Project("{9A19103F-16F7-4668-BE54-9A1E7A4F7556}") = "BinaryKits.ZplUtility", "BinaryKits.ZplUtility\BinaryKits.ZplUtility.csproj", "{A836CA9D-CF58-4289-85F7-781EFF51E091}"
EndProject
Project("{9A19103F-16F7-4668-BE54-9A1E7A4F7556}") = "BinaryKits.ZplUtility.UnitTest", "BinaryKits.ZplUtility.UnitTest\BinaryKits.ZplUtility.UnitTest.csproj", "{B385D358-B68A-4089-8FD9-6084D766FF8C}"
EndProject
Project("{9A19103F-16F7-4668-BE54-9A1E7A4F7556}") = "BinaryKits.ZplUtility.TestConsole", "BinaryKits.ZplUtility.TestConsole\BinaryKits.ZplUtility.TestConsole.csproj", "{BCE2C0DF-6D8B-48D3-883B-DDF018C9A9CC}"
EndProject
Global
	GlobalSection(SolutionConfigurationPlatforms) = preSolution
		Debug|Any CPU = Debug|Any CPU
		Release|Any CPU = Release|Any CPU
	EndGlobalSection
	GlobalSection(ProjectConfigurationPlatforms) = postSolution
		{A836CA9D-CF58-4289-85F7-781EFF51E091}.Debug|Any CPU.ActiveCfg = Debug|Any CPU
		{A836CA9D-CF58-4289-85F7-781EFF51E091}.Debug|Any CPU.Build.0 = Debug|Any CPU
		{A836CA9D-CF58-4289-85F7-781EFF51E091}.Release|Any CPU.ActiveCfg = Release|Any CPU
		{A836CA9D-CF58-4289-85F7-781EFF51E091}.Release|Any CPU.Build.0 = Release|Any CPU
		{B385D358-B68A-4089-8FD9-6084D766FF8C}.Debug|Any CPU.ActiveCfg = Debug|Any CPU
		{B385D358-B68A-4089-8FD9-6084D766FF8C}.Debug|Any CPU.Build.0 = Debug|Any CPU
		{B385D358-B68A-4089-8FD9-6084D766FF8C}.Release|Any CPU.ActiveCfg = Release|Any CPU
		{B385D358-B68A-4089-8FD9-6084D766FF8C}.Release|Any CPU.Build.0 = Release|Any CPU
		{BCE2C0DF-6D8B-48D3-883B-DDF018C9A9CC}.Debug|Any CPU.ActiveCfg = Debug|Any CPU
		{BCE2C0DF-6D8B-48D3-883B-DDF018C9A9CC}.Debug|Any CPU.Build.0 = Debug|Any CPU
		{BCE2C0DF-6D8B-48D3-883B-DDF018C9A9CC}.Release|Any CPU.ActiveCfg = Release|Any CPU
		{BCE2C0DF-6D8B-48D3-883B-DDF018C9A9CC}.Release|Any CPU.Build.0 = Release|Any CPU
	EndGlobalSection
	GlobalSection(SolutionProperties) = preSolution
		HideSolutionNode = FALSE
	EndGlobalSection
	GlobalSection(ExtensibilityGlobals) = postSolution
		SolutionGuid = {DE547187-CDDD-42FF-8E23-06EF2FC8F378}
	EndGlobalSection
EndGlobal
